
Microsoft Visual Studio Solution File, Format Version 12.00
# Visual Studio Version 17
VisualStudioVersion = 17.1.32328.378
MinimumVisualStudioVersion = 10.0.40219.1
Project("{FAE04EC0-301F-11D3-BF4B-00C04F79EFBC}") = "Posuda", "Posuda\Posuda.csproj", "{830CB1F9-C20E-4D26-82A1-ECE7D2633C31}"
EndProject
Global
	GlobalSection(SolutionConfigurationPlatforms) = preSolution
		Debug|Any CPU = Debug|Any CPU
		Release|Any CPU = Release|Any CPU
	EndGlobalSection
	GlobalSection(ProjectConfigurationPlatforms) = postSolution
		{830CB1F9-C20E-4D26-82A1-ECE7D2633C31}.Debug|Any CPU.ActiveCfg = Debug|Any CPU
		{830CB1F9-C20E-4D26-82A1-ECE7D2633C31}.Debug|Any CPU.Build.0 = Debug|Any CPU
		{830CB1F9-C20E-4D26-82A1-ECE7D2633C31}.Release|Any CPU.ActiveCfg = Release|Any CPU
		{830CB1F9-C20E-4D26-82A1-ECE7D2633C31}.Release|Any CPU.Build.0 = Release|Any CPU
	EndGlobalSection
	GlobalSection(SolutionProperties) = preSolution
		HideSolutionNode = FALSE
	EndGlobalSection
	GlobalSection(ExtensibilityGlobals) = postSolution
		SolutionGuid = {FDB38536-B770-41F6-90AC-C234C3E6261A}
	EndGlobalSection
EndGlobal
